// !$*UTF8*$!
{
	archiveVersion = 1;
	classes = {
	};
	objectVersion = 46;
	objects = {
/* Begin PBXBuildFile section */
		0207DA581B56EA530066E2B4 /* Images.xcassets in Resources */ = {isa = PBXBuildFile; fileRef = 0207DA571B56EA530066E2B4 /* Images.xcassets */; };
		1D3623260D0F684500981E51 /* AppDelegate.m in Sources */ = {isa = PBXBuildFile; fileRef = 1D3623250D0F684500981E51 /* AppDelegate.m */; };
		1D60589B0D05DD56006BFB54 /* main.m in Sources */ = {isa = PBXBuildFile; fileRef = 29B97316FDCFA39411CA2CEA /* main.m */; };
		301BF552109A68D80062928A /* libCordova.a in Frameworks */ = {isa = PBXBuildFile; fileRef = 301BF535109A57CC0062928A /* libCordova.a */; };
		302D95F114D2391D003F00A1 /* MainViewController.m in Sources */ = {isa = PBXBuildFile; fileRef = 302D95EF14D2391D003F00A1 /* MainViewController.m */; };
		302D95F214D2391D003F00A1 /* MainViewController.xib in Resources */ = {isa = PBXBuildFile; fileRef = 302D95F014D2391D003F00A1 /* MainViewController.xib */; };
		3047A5121AB8059700498E2A /* build-debug.xcconfig in Resources */ = {isa = PBXBuildFile; fileRef = 3047A50F1AB8059700498E2A /* build-debug.xcconfig */; };
		3047A5131AB8059700498E2A /* build-release.xcconfig in Resources */ = {isa = PBXBuildFile; fileRef = 3047A5101AB8059700498E2A /* build-release.xcconfig */; };
		3047A5141AB8059700498E2A /* build.xcconfig in Resources */ = {isa = PBXBuildFile; fileRef = 3047A5111AB8059700498E2A /* build.xcconfig */; };
		6AFF5BF91D6E424B00AB3073 /* CDVLaunchScreen.storyboard in Resources */ = {isa = PBXBuildFile; fileRef = 6AFF5BF81D6E424B00AB3073 /* CDVLaunchScreen.storyboard */; };
		16B82855E86B46849C26E9B1 /* PhotoViewer.m in Sources */ = {isa = PBXBuildFile; fileRef = 938C61ED30DD4DEEA9FCEDBF /* PhotoViewer.m */; };
		F6F519E9363B4190A2405E04 /* UIImage+CropScaleOrientation.m in Sources */ = {isa = PBXBuildFile; fileRef = CD4ECDA3326A478DB661465C /* UIImage+CropScaleOrientation.m */; };
		D6F9D825752741F4A8055544 /* CDVCamera.m in Sources */ = {isa = PBXBuildFile; fileRef = 96FFAE56F44F45A79F383ED6 /* CDVCamera.m */; };
		C21621EE8AE841DE91EAA373 /* CDVJpegHeaderWriter.m in Sources */ = {isa = PBXBuildFile; fileRef = 0647956BAE824E36A07D9763 /* CDVJpegHeaderWriter.m */; };
		441A04F4B8C54DD286FEFC4A /* ImageIO.framework in Frameworks */ = {isa = PBXBuildFile; fileRef = F62119120C3B4769A7470084 /* ImageIO.framework */; settings = {ATTRIBUTES = (Weak, ); }; };
		E52E094026684B888FA1B489 /* CoreLocation.framework in Frameworks */ = {isa = PBXBuildFile; fileRef = 2497B51798A34E4F8732C28A /* CoreLocation.framework */; };
		25F085388711441A829CBCAD /* AVFoundation.framework in Frameworks */ = {isa = PBXBuildFile; fileRef = AB1D8E9C46254A5A81E67362 /* AVFoundation.framework */; };
		859BE08A67D04DC3B5C74BF1 /* CDVDevice.m in Sources */ = {isa = PBXBuildFile; fileRef = C1DA3B8BE51C4682A54A0784 /* CDVDevice.m */; };
		AD641E151AE14F6790750F95 /* CDVFile.m in Sources */ = {isa = PBXBuildFile; fileRef = 74B42F1F02924449B552ADB3 /* CDVFile.m */; };
		99F7224DEFC5425BAEF36FDE /* CDVLocalFilesystem.m in Sources */ = {isa = PBXBuildFile; fileRef = 4A88AC44A8E54BF18E1EEF5C /* CDVLocalFilesystem.m */; };
		3DB507101E644590BB81997B /* CDVAssetLibraryFilesystem.m in Sources */ = {isa = PBXBuildFile; fileRef = 8226F0CE64204FBABE33F642 /* CDVAssetLibraryFilesystem.m */; };
		DB45B87DE85A4DC8989A557E /* CDVFileTransfer.m in Sources */ = {isa = PBXBuildFile; fileRef = 5F3E0FE6BF5D4CEEA4412A5E /* CDVFileTransfer.m */; };
		23E53FAB05DF4F24834C7C2F /* CDVIonicKeyboard.m in Sources */ = {isa = PBXBuildFile; fileRef = ADED882942784A82A1956651 /* CDVIonicKeyboard.m */; };
		8196C2AD38CE4BFFAA5B98FD /* CDVWKWebViewEngine.m in Sources */ = {isa = PBXBuildFile; fileRef = 8E951D9F5BAB4FAB9090DD69 /* CDVWKWebViewEngine.m */; };
		865C89582C3140E1984073EC /* CDVWKWebViewUIDelegate.m in Sources */ = {isa = PBXBuildFile; fileRef = 79D925BCAABA46B4A39A158A /* CDVWKWebViewUIDelegate.m */; };
		4F8319E2D2C4459FA0857010 /* CDVWKProcessPoolFactory.m in Sources */ = {isa = PBXBuildFile; fileRef = 4E624C0227D24248B59BD394 /* CDVWKProcessPoolFactory.m */; };
		2A8E2ECF373C4128BCDBD4C9 /* GCDWebServer.m in Sources */ = {isa = PBXBuildFile; fileRef = FCFF761B4BE34298B8FFD056 /* GCDWebServer.m */; };
		3A317AAD072C4385A904A8B3 /* GCDWebServerConnection.m in Sources */ = {isa = PBXBuildFile; fileRef = 1DA04DA4DE9A4EBB8D6E3E8B /* GCDWebServerConnection.m */; };
		DA94823FB874415CBDED1FE3 /* GCDWebServerFunctions.m in Sources */ = {isa = PBXBuildFile; fileRef = 680E17DCFAEB448FA3E30EB2 /* GCDWebServerFunctions.m */; };
		78A112C715584E49AF8F2589 /* GCDWebServerRequest.m in Sources */ = {isa = PBXBuildFile; fileRef = 683D5A59A6C74D19819BBD85 /* GCDWebServerRequest.m */; };
		7F22775526784CAFB7CF8718 /* GCDWebServerResponse.m in Sources */ = {isa = PBXBuildFile; fileRef = D37F41641A7E4E3F8F60ACEB /* GCDWebServerResponse.m */; };
		729CCC264453482A83E516B2 /* GCDWebServerDataRequest.m in Sources */ = {isa = PBXBuildFile; fileRef = 7317A03CD1244FB6A86FC875 /* GCDWebServerDataRequest.m */; };
		0C316266D6144EC795671AE9 /* GCDWebServerFileRequest.m in Sources */ = {isa = PBXBuildFile; fileRef = 8382CDE5FFA64F62B0B4BB27 /* GCDWebServerFileRequest.m */; };
		73C6BB2BC30140998E0736D9 /* GCDWebServerMultiPartFormRequest.m in Sources */ = {isa = PBXBuildFile; fileRef = 9426C39C997341089B5F0D91 /* GCDWebServerMultiPartFormRequest.m */; };
		14A2E1A388DF4B2DBC278D33 /* GCDWebServerURLEncodedFormRequest.m in Sources */ = {isa = PBXBuildFile; fileRef = EA1FB0074455438487189C8B /* GCDWebServerURLEncodedFormRequest.m */; };
		812A333056424A27AEB247DE /* GCDWebServerDataResponse.m in Sources */ = {isa = PBXBuildFile; fileRef = 43CABEE21DE64BFFB06F2327 /* GCDWebServerDataResponse.m */; };
		134477FF44514DC4B7D0917A /* GCDWebServerErrorResponse.m in Sources */ = {isa = PBXBuildFile; fileRef = CED8D6ECEE154CE4B3383D41 /* GCDWebServerErrorResponse.m */; };
		457B14766AE04908AB16FB8A /* GCDWebServerFileResponse.m in Sources */ = {isa = PBXBuildFile; fileRef = 7EA21C0B628046F4AD73321F /* GCDWebServerFileResponse.m */; };
		24204A7EBF6642F3823F6F53 /* GCDWebServerStreamedResponse.m in Sources */ = {isa = PBXBuildFile; fileRef = AD1904CE29554043837EFEF3 /* GCDWebServerStreamedResponse.m */; };
		B08095839C1D410A98431016 /* WebKit.framework in Frameworks */ = {isa = PBXBuildFile; fileRef = 22BE23780AFB4272A8337618 /* WebKit.framework */; settings = {ATTRIBUTES = (Weak, ); }; };
		811DDE95E7AB4E77B87C9B23 /* libz.tbd in Frameworks */ = {isa = PBXBuildFile; fileRef = D472D8B250F3472883B10063 /* libz.tbd */; };
		10BFECEDF9064E1BB8ADA13B /* CDVSplashScreen.m in Sources */ = {isa = PBXBuildFile; fileRef = ED11CB6861E44EF5B3B0A58F /* CDVSplashScreen.m */; };
		B6E48B9F85B54EBF8449B78A /* CDVViewController+SplashScreen.m in Sources */ = {isa = PBXBuildFile; fileRef = 9B33D3EE590E4D5383F3B03A /* CDVViewController+SplashScreen.m */; };
		1B2378526C8042DCBC2A369E /* CDVStatusBar.m in Sources */ = {isa = PBXBuildFile; fileRef = 3F1D74DF5B194FD2A0605F5C /* CDVStatusBar.m */; };
		AB4E6AD23718417CA8889824 /* SOSPicker.m in Sources */ = {isa = PBXBuildFile; fileRef = 706D564487DE45479E4D8B7B /* SOSPicker.m */; };
		303C874C5D8A43FD9573C279 /* UIImage+fixOrientation.m in Sources */ = {isa = PBXBuildFile; fileRef = 3DC137894A8149D8B8E8E1AB /* UIImage+fixOrientation.m */; };
		D5A492C8AC7F4667B42F57FD /* GMAlbumsViewCell.m in Sources */ = {isa = PBXBuildFile; fileRef = C46315B0DCBB430AA062A04E /* GMAlbumsViewCell.m */; };
		C1730772355241AF83D7A3C1 /* GMAlbumsViewController.m in Sources */ = {isa = PBXBuildFile; fileRef = BE2A5BB59F494F06BBED1C2D /* GMAlbumsViewController.m */; };
		8B25F0467F8B4BAB948D30D4 /* GMFetchItem.m in Sources */ = {isa = PBXBuildFile; fileRef = 9DA2DD15191D415CA7B6DA2C /* GMFetchItem.m */; };
		8FA264A0B42B4639A9255EAC /* GMGridViewCell.m in Sources */ = {isa = PBXBuildFile; fileRef = DEA704D852C34BCCACACF140 /* GMGridViewCell.m */; };
		25968F39CAB74B36B6B6966F /* GMGridViewController.m in Sources */ = {isa = PBXBuildFile; fileRef = FEB20A7F93574904B08ED72D /* GMGridViewController.m */; };
		D0F580FFF40542A28D1A94D4 /* GMImagePickerController.m in Sources */ = {isa = PBXBuildFile; fileRef = F87B8B00CDF24BD0AB6CBEB1 /* GMImagePickerController.m */; };
		B6600381CA844B50B4BA496B /* PSYBlockTimer.m in Sources */ = {isa = PBXBuildFile; fileRef = E7FABC46934548CCA1ED6C6B /* PSYBlockTimer.m */; };
		8E82904026604929B75648A4 /* GMPHAsset.m in Sources */ = {isa = PBXBuildFile; fileRef = 1C59AC6B46B748D4918C03E2 /* GMPHAsset.m */; };
		1E24F0876079453AB85E6CE2 /* GMEmptyFolder@1x.png in Resources */ = {isa = PBXBuildFile; fileRef = AB1BFBE3F6E24998902D24F3 /* GMEmptyFolder@1x.png */; };
		19199487179943788EDB58C8 /* GMEmptyFolder@2x.png in Resources */ = {isa = PBXBuildFile; fileRef = 4FB98803812446ADBBA05B3F /* GMEmptyFolder@2x.png */; };
		89B5BC314293482683654C3A /* GMSelected.png in Resources */ = {isa = PBXBuildFile; fileRef = 77C16E396DF3418EB892ACC3 /* GMSelected.png */; };
		C960739ABC304C65B236F203 /* GMSelected@2x.png in Resources */ = {isa = PBXBuildFile; fileRef = 254231B8D60746E7B20C04BD /* GMSelected@2x.png */; };
		3D974C874ABE42AEB7FB4F09 /* GMVideoIcon.png in Resources */ = {isa = PBXBuildFile; fileRef = C7D3E1642426408CA422527E /* GMVideoIcon.png */; };
		8E4FE7037A304DF28F97944A /* GMVideoIcon@2x.png in Resources */ = {isa = PBXBuildFile; fileRef = E52C6565E89A49CDB2161B3F /* GMVideoIcon@2x.png */; };
		08BC58E78C2443B09A86DAAC /* ca.lproj in Resources */ = {isa = PBXBuildFile; fileRef = 4CAFA4AB9B534DAAADAF868E /* ca.lproj */; };
		C2423518B5D647B1A5D254FB /* de.lproj in Resources */ = {isa = PBXBuildFile; fileRef = 6F93094406394E08B2C18BFF /* de.lproj */; };
		AC14B17570714574B7BABF58 /* en.lproj in Resources */ = {isa = PBXBuildFile; fileRef = 399000106D254EBF85D8148B /* en.lproj */; };
		0D72492BFB754A6982BB1F41 /* es.lproj in Resources */ = {isa = PBXBuildFile; fileRef = DD0952AD398049D5B0538E7F /* es.lproj */; };
		04A04A1CDF674474847A501C /* fr.lproj in Resources */ = {isa = PBXBuildFile; fileRef = 33F9E338A14342A398A72946 /* fr.lproj */; };
		FAE6A0B7288A464294DF9847 /* it.lproj in Resources */ = {isa = PBXBuildFile; fileRef = 01CE90AE00844735A95F5BB3 /* it.lproj */; };
		FF95C16103344E20A70E3567 /* pt.lproj in Resources */ = {isa = PBXBuildFile; fileRef = D46B1B226B5445BCABC4BAD2 /* pt.lproj */; };
		093D3534CEB84FB2ADF5099F /* pl.lproj in Resources */ = {isa = PBXBuildFile; fileRef = D2682F155CD546CF97198D0F /* pl.lproj */; };
		97F98E0B90024DEABCDD4427 /* zh-Hans.lproj in Resources */ = {isa = PBXBuildFile; fileRef = 310E0DFCD98F49B1B9F43476 /* zh-Hans.lproj */; };
		F0E6136AB50D44BA95E2503E /* Accelerate.framework in Frameworks */ = {isa = PBXBuildFile; fileRef = 3B44830854E9460DB7802469 /* Accelerate.framework */; };
		17ACE3D97AFC44998572DAD6 /* Security.framework in Frameworks */ = {isa = PBXBuildFile; fileRef = 5BFDDF4AB95146EC83EE95FD /* Security.framework */; };
		AC582845E8F24E3EB076AE61 /* Photos.framework in Frameworks */ = {isa = PBXBuildFile; fileRef = B8603250F81E4EB79CC1047E /* Photos.framework */; };
		8088B7D0F29C4AC1B2002876 /* SystemConfiguration.framework in Frameworks */ = {isa = PBXBuildFile; fileRef = 51315B8BD3C64038BFBF7951 /* SystemConfiguration.framework */; };
		61E2951298FD40AC96AE0438 /* QuartzCore.framework in Frameworks */ = {isa = PBXBuildFile; fileRef = 4C239D692F624ED9A4DF08B2 /* QuartzCore.framework */; };
/* End PBXBuildFile section */

/* Begin PBXContainerItemProxy section */
		301BF534109A57CC0062928A /* PBXContainerItemProxy */ = {
			isa = PBXContainerItemProxy;
			containerPortal = 301BF52D109A57CC0062928A /* CordovaLib.xcodeproj */;
			proxyType = 2;
			remoteGlobalIDString = D2AAC07E0554694100DB518D;
			remoteInfo = CordovaLib;
		};
		301BF550109A68C00062928A /* PBXContainerItemProxy */ = {
			isa = PBXContainerItemProxy;
			containerPortal = 301BF52D109A57CC0062928A /* CordovaLib.xcodeproj */;
			proxyType = 1;
			remoteGlobalIDString = D2AAC07D0554694100DB518D;
			remoteInfo = CordovaLib;
		};
/* End PBXContainerItemProxy section */

/* Begin PBXFileReference section */
		0207DA571B56EA530066E2B4 /* Images.xcassets */ = {isa = PBXFileReference; lastKnownFileType = folder.assetcatalog; name = Images.xcassets; path = "NetworGallery/Images.xcassets"; sourceTree = SOURCE_ROOT; };
		1D3623240D0F684500981E51 /* AppDelegate.h */ = {isa = PBXFileReference; fileEncoding = 4; lastKnownFileType = sourcecode.c.h; path = AppDelegate.h; sourceTree = "<group>"; };
		1D3623250D0F684500981E51 /* AppDelegate.m */ = {isa = PBXFileReference; fileEncoding = 4; lastKnownFileType = sourcecode.c.objc; path = AppDelegate.m; sourceTree = "<group>"; };
		1D6058910D05DD3D006BFB54 /* NetworGallery.app */ = {isa = PBXFileReference; explicitFileType = wrapper.application; includeInIndex = 0; path = "NetworGallery.app"; sourceTree = BUILT_PRODUCTS_DIR; };
		29B97316FDCFA39411CA2CEA /* main.m */ = {isa = PBXFileReference; fileEncoding = 4; lastKnownFileType = sourcecode.c.objc; path = main.m; sourceTree = "<group>"; };
		301BF52D109A57CC0062928A /* CordovaLib.xcodeproj */ = {isa = PBXFileReference; lastKnownFileType = "wrapper.pb-project"; path = CordovaLib/CordovaLib.xcodeproj; sourceTree = "<group>"; };
		301BF56E109A69640062928A /* www */ = {isa = PBXFileReference; lastKnownFileType = folder; path = www; sourceTree = SOURCE_ROOT; };
		302D95EE14D2391D003F00A1 /* MainViewController.h */ = {isa = PBXFileReference; fileEncoding = 4; lastKnownFileType = sourcecode.c.h; path = MainViewController.h; sourceTree = "<group>"; };
		302D95EF14D2391D003F00A1 /* MainViewController.m */ = {isa = PBXFileReference; fileEncoding = 4; lastKnownFileType = sourcecode.c.objc; path = MainViewController.m; sourceTree = "<group>"; };
		302D95F014D2391D003F00A1 /* MainViewController.xib */ = {isa = PBXFileReference; fileEncoding = 4; lastKnownFileType = file.xib; path = MainViewController.xib; sourceTree = "<group>"; };
		3047A50F1AB8059700498E2A /* build-debug.xcconfig */ = {isa = PBXFileReference; fileEncoding = 4; lastKnownFileType = text.xcconfig; name = "build-debug.xcconfig"; path = cordova/build-debug.xcconfig; sourceTree = SOURCE_ROOT; };
		3047A5101AB8059700498E2A /* build-release.xcconfig */ = {isa = PBXFileReference; fileEncoding = 4; lastKnownFileType = text.xcconfig; name = "build-release.xcconfig"; path = cordova/build-release.xcconfig; sourceTree = SOURCE_ROOT; };
		3047A5111AB8059700498E2A /* build.xcconfig */ = {isa = PBXFileReference; fileEncoding = 4; lastKnownFileType = text.xcconfig; name = build.xcconfig; path = cordova/build.xcconfig; sourceTree = SOURCE_ROOT; };
		32CA4F630368D1EE00C91783 /* NetworGallery-Prefix.pch */ = {isa = PBXFileReference; fileEncoding = 4; lastKnownFileType = sourcecode.c.h; path = "NetworGallery-Prefix.pch"; sourceTree = "<group>"; };
		6AFF5BF81D6E424B00AB3073 /* CDVLaunchScreen.storyboard */ = {isa = PBXFileReference; fileEncoding = 4; lastKnownFileType = file.storyboard; name = CDVLaunchScreen.storyboard; path = "NetworGallery/CDVLaunchScreen.storyboard"; sourceTree = SOURCE_ROOT; };
		8D1107310486CEB800E47090 /* NetworGallery-Info.plist */ = {isa = PBXFileReference; fileEncoding = 4; lastKnownFileType = text.plist.xml; name = "NetworGallery-Info.plist"; path = "NetworGallery/NetworGallery-Info.plist"; plistStructureDefinitionIdentifier = "com.apple.xcode.plist.structure-definition.iphone.info-plist"; sourceTree = SOURCE_ROOT; };
		EB87FDF31871DA8E0020F90C /* www */ = {isa = PBXFileReference; lastKnownFileType = folder; name = www; path = ../../www; sourceTree = "<group>"; };
		EB87FDF41871DAF40020F90C /* config.xml */ = {isa = PBXFileReference; lastKnownFileType = text.xml; name = config.xml; path = ../../config.xml; sourceTree = "<group>"; };
		F840E1F0165FE0F500CFE078 /* config.xml */ = {isa = PBXFileReference; lastKnownFileType = text.xml; name = config.xml; path = "NetworGallery/config.xml"; sourceTree = "<group>"; };
		ED33DF2A687741AEAF9F8254 /* Bridging-Header.h */ = {isa = PBXFileReference; fileEncoding = 4; lastKnownFileType = sourcecode.c.h; name = "Bridging-Header.h"; path = "Bridging-Header.h"; sourceTree = "<group>"; };
		938C61ED30DD4DEEA9FCEDBF /* PhotoViewer.m */ = {isa = PBXFileReference; name = "PhotoViewer.m"; path = "com-sarriaroman-photoviewer/PhotoViewer.m"; sourceTree = "<group>"; fileEncoding = 4; lastKnownFileType = sourcecode.c.objc; explicitFileType = undefined; includeInIndex = 0; };
		CD4ECDA3326A478DB661465C /* UIImage+CropScaleOrientation.m */ = {isa = PBXFileReference; name = "UIImage+CropScaleOrientation.m"; path = "cordova-plugin-camera/UIImage+CropScaleOrientation.m"; sourceTree = "<group>"; fileEncoding = 4; lastKnownFileType = sourcecode.c.objc; explicitFileType = undefined; includeInIndex = 0; };
		96FFAE56F44F45A79F383ED6 /* CDVCamera.m */ = {isa = PBXFileReference; name = "CDVCamera.m"; path = "cordova-plugin-camera/CDVCamera.m"; sourceTree = "<group>"; fileEncoding = 4; lastKnownFileType = sourcecode.c.objc; explicitFileType = undefined; includeInIndex = 0; };
		0647956BAE824E36A07D9763 /* CDVJpegHeaderWriter.m */ = {isa = PBXFileReference; name = "CDVJpegHeaderWriter.m"; path = "cordova-plugin-camera/CDVJpegHeaderWriter.m"; sourceTree = "<group>"; fileEncoding = 4; lastKnownFileType = sourcecode.c.objc; explicitFileType = undefined; includeInIndex = 0; };
		D7606845633C4F5299EAE856 /* UIImage+CropScaleOrientation.h */ = {isa = PBXFileReference; name = "UIImage+CropScaleOrientation.h"; path = "cordova-plugin-camera/UIImage+CropScaleOrientation.h"; sourceTree = "<group>"; fileEncoding = 4; lastKnownFileType = sourcecode.c.h; explicitFileType = undefined; includeInIndex = 0; };
		CD8FEB2C46874670ABF30A56 /* CDVCamera.h */ = {isa = PBXFileReference; name = "CDVCamera.h"; path = "cordova-plugin-camera/CDVCamera.h"; sourceTree = "<group>"; fileEncoding = 4; lastKnownFileType = sourcecode.c.h; explicitFileType = undefined; includeInIndex = 0; };
		46C190630B7345F491F4FCE4 /* CDVJpegHeaderWriter.h */ = {isa = PBXFileReference; name = "CDVJpegHeaderWriter.h"; path = "cordova-plugin-camera/CDVJpegHeaderWriter.h"; sourceTree = "<group>"; fileEncoding = 4; lastKnownFileType = sourcecode.c.h; explicitFileType = undefined; includeInIndex = 0; };
		D13F4D4D8BA64CC5A4620284 /* CDVExif.h */ = {isa = PBXFileReference; name = "CDVExif.h"; path = "cordova-plugin-camera/CDVExif.h"; sourceTree = "<group>"; fileEncoding = 4; lastKnownFileType = sourcecode.c.h; explicitFileType = undefined; includeInIndex = 0; };
		F62119120C3B4769A7470084 /* ImageIO.framework */ = {isa = PBXFileReference; name = "ImageIO.framework"; path = "System/Library/Frameworks/ImageIO.framework"; sourceTree = SDKROOT; fileEncoding = undefined; lastKnownFileType = wrapper.framework; explicitFileType = undefined; includeInIndex = 0; };
		2497B51798A34E4F8732C28A /* CoreLocation.framework */ = {isa = PBXFileReference; name = "CoreLocation.framework"; path = "System/Library/Frameworks/CoreLocation.framework"; sourceTree = SDKROOT; fileEncoding = undefined; lastKnownFileType = wrapper.framework; explicitFileType = undefined; includeInIndex = 0; };
		AB1D8E9C46254A5A81E67362 /* AVFoundation.framework */ = {isa = PBXFileReference; name = "AVFoundation.framework"; path = "System/Library/Frameworks/AVFoundation.framework"; sourceTree = SDKROOT; fileEncoding = undefined; lastKnownFileType = wrapper.framework; explicitFileType = undefined; includeInIndex = 0; };
		C1DA3B8BE51C4682A54A0784 /* CDVDevice.m */ = {isa = PBXFileReference; name = "CDVDevice.m"; path = "cordova-plugin-device/CDVDevice.m"; sourceTree = "<group>"; fileEncoding = 4; lastKnownFileType = sourcecode.c.objc; explicitFileType = undefined; includeInIndex = 0; };
		C667EACD1A80404FB129447C /* CDVDevice.h */ = {isa = PBXFileReference; name = "CDVDevice.h"; path = "cordova-plugin-device/CDVDevice.h"; sourceTree = "<group>"; fileEncoding = 4; lastKnownFileType = sourcecode.c.h; explicitFileType = undefined; includeInIndex = 0; };
		74B42F1F02924449B552ADB3 /* CDVFile.m */ = {isa = PBXFileReference; name = "CDVFile.m"; path = "cordova-plugin-file/CDVFile.m"; sourceTree = "<group>"; fileEncoding = 4; lastKnownFileType = sourcecode.c.objc; explicitFileType = undefined; includeInIndex = 0; };
		4A88AC44A8E54BF18E1EEF5C /* CDVLocalFilesystem.m */ = {isa = PBXFileReference; name = "CDVLocalFilesystem.m"; path = "cordova-plugin-file/CDVLocalFilesystem.m"; sourceTree = "<group>"; fileEncoding = 4; lastKnownFileType = sourcecode.c.objc; explicitFileType = undefined; includeInIndex = 0; };
		8226F0CE64204FBABE33F642 /* CDVAssetLibraryFilesystem.m */ = {isa = PBXFileReference; name = "CDVAssetLibraryFilesystem.m"; path = "cordova-plugin-file/CDVAssetLibraryFilesystem.m"; sourceTree = "<group>"; fileEncoding = 4; lastKnownFileType = sourcecode.c.objc; explicitFileType = undefined; includeInIndex = 0; };
		8362F0302FD84C9C8C98B0C5 /* CDVFile.h */ = {isa = PBXFileReference; name = "CDVFile.h"; path = "cordova-plugin-file/CDVFile.h"; sourceTree = "<group>"; fileEncoding = 4; lastKnownFileType = sourcecode.c.h; explicitFileType = undefined; includeInIndex = 0; };
		27F22FBC28AA4E3EB2C09DAA /* CDVLocalFilesystem.h */ = {isa = PBXFileReference; name = "CDVLocalFilesystem.h"; path = "cordova-plugin-file/CDVLocalFilesystem.h"; sourceTree = "<group>"; fileEncoding = 4; lastKnownFileType = sourcecode.c.h; explicitFileType = undefined; includeInIndex = 0; };
		CDE1B197AAD5496180C5C7D5 /* CDVAssetLibraryFilesystem.h */ = {isa = PBXFileReference; name = "CDVAssetLibraryFilesystem.h"; path = "cordova-plugin-file/CDVAssetLibraryFilesystem.h"; sourceTree = "<group>"; fileEncoding = 4; lastKnownFileType = sourcecode.c.h; explicitFileType = undefined; includeInIndex = 0; };
		5F3E0FE6BF5D4CEEA4412A5E /* CDVFileTransfer.m */ = {isa = PBXFileReference; name = "CDVFileTransfer.m"; path = "cordova-plugin-file-transfer/CDVFileTransfer.m"; sourceTree = "<group>"; fileEncoding = 4; lastKnownFileType = sourcecode.c.objc; explicitFileType = undefined; includeInIndex = 0; };
		5825A9AE8A8E448B838A94DD /* CDVFileTransfer.h */ = {isa = PBXFileReference; name = "CDVFileTransfer.h"; path = "cordova-plugin-file-transfer/CDVFileTransfer.h"; sourceTree = "<group>"; fileEncoding = 4; lastKnownFileType = sourcecode.c.h; explicitFileType = undefined; includeInIndex = 0; };
		ADED882942784A82A1956651 /* CDVIonicKeyboard.m */ = {isa = PBXFileReference; name = "CDVIonicKeyboard.m"; path = "cordova-plugin-ionic-keyboard/CDVIonicKeyboard.m"; sourceTree = "<group>"; fileEncoding = 4; lastKnownFileType = sourcecode.c.objc; explicitFileType = undefined; includeInIndex = 0; };
		592565AB70C248E7811B3AE6 /* CDVIonicKeyboard.h */ = {isa = PBXFileReference; name = "CDVIonicKeyboard.h"; path = "cordova-plugin-ionic-keyboard/CDVIonicKeyboard.h"; sourceTree = "<group>"; fileEncoding = 4; lastKnownFileType = sourcecode.c.h; explicitFileType = undefined; includeInIndex = 0; };
		8E951D9F5BAB4FAB9090DD69 /* CDVWKWebViewEngine.m */ = {isa = PBXFileReference; name = "CDVWKWebViewEngine.m"; path = "cordova-plugin-ionic-webview/CDVWKWebViewEngine.m"; sourceTree = "<group>"; fileEncoding = 4; lastKnownFileType = sourcecode.c.objc; explicitFileType = undefined; includeInIndex = 0; };
		79D925BCAABA46B4A39A158A /* CDVWKWebViewUIDelegate.m */ = {isa = PBXFileReference; name = "CDVWKWebViewUIDelegate.m"; path = "cordova-plugin-ionic-webview/CDVWKWebViewUIDelegate.m"; sourceTree = "<group>"; fileEncoding = 4; lastKnownFileType = sourcecode.c.objc; explicitFileType = undefined; includeInIndex = 0; };
		4E624C0227D24248B59BD394 /* CDVWKProcessPoolFactory.m */ = {isa = PBXFileReference; name = "CDVWKProcessPoolFactory.m"; path = "cordova-plugin-ionic-webview/CDVWKProcessPoolFactory.m"; sourceTree = "<group>"; fileEncoding = 4; lastKnownFileType = sourcecode.c.objc; explicitFileType = undefined; includeInIndex = 0; };
		FCFF761B4BE34298B8FFD056 /* GCDWebServer.m */ = {isa = PBXFileReference; name = "GCDWebServer.m"; path = "cordova-plugin-ionic-webview/GCDWebServer.m"; sourceTree = "<group>"; fileEncoding = 4; lastKnownFileType = sourcecode.c.objc; explicitFileType = undefined; includeInIndex = 0; };
		1DA04DA4DE9A4EBB8D6E3E8B /* GCDWebServerConnection.m */ = {isa = PBXFileReference; name = "GCDWebServerConnection.m"; path = "cordova-plugin-ionic-webview/GCDWebServerConnection.m"; sourceTree = "<group>"; fileEncoding = 4; lastKnownFileType = sourcecode.c.objc; explicitFileType = undefined; includeInIndex = 0; };
		680E17DCFAEB448FA3E30EB2 /* GCDWebServerFunctions.m */ = {isa = PBXFileReference; name = "GCDWebServerFunctions.m"; path = "cordova-plugin-ionic-webview/GCDWebServerFunctions.m"; sourceTree = "<group>"; fileEncoding = 4; lastKnownFileType = sourcecode.c.objc; explicitFileType = undefined; includeInIndex = 0; };
		683D5A59A6C74D19819BBD85 /* GCDWebServerRequest.m */ = {isa = PBXFileReference; name = "GCDWebServerRequest.m"; path = "cordova-plugin-ionic-webview/GCDWebServerRequest.m"; sourceTree = "<group>"; fileEncoding = 4; lastKnownFileType = sourcecode.c.objc; explicitFileType = undefined; includeInIndex = 0; };
		D37F41641A7E4E3F8F60ACEB /* GCDWebServerResponse.m */ = {isa = PBXFileReference; name = "GCDWebServerResponse.m"; path = "cordova-plugin-ionic-webview/GCDWebServerResponse.m"; sourceTree = "<group>"; fileEncoding = 4; lastKnownFileType = sourcecode.c.objc; explicitFileType = undefined; includeInIndex = 0; };
		7317A03CD1244FB6A86FC875 /* GCDWebServerDataRequest.m */ = {isa = PBXFileReference; name = "GCDWebServerDataRequest.m"; path = "cordova-plugin-ionic-webview/GCDWebServerDataRequest.m"; sourceTree = "<group>"; fileEncoding = 4; lastKnownFileType = sourcecode.c.objc; explicitFileType = undefined; includeInIndex = 0; };
		8382CDE5FFA64F62B0B4BB27 /* GCDWebServerFileRequest.m */ = {isa = PBXFileReference; name = "GCDWebServerFileRequest.m"; path = "cordova-plugin-ionic-webview/GCDWebServerFileRequest.m"; sourceTree = "<group>"; fileEncoding = 4; lastKnownFileType = sourcecode.c.objc; explicitFileType = undefined; includeInIndex = 0; };
		9426C39C997341089B5F0D91 /* GCDWebServerMultiPartFormRequest.m */ = {isa = PBXFileReference; name = "GCDWebServerMultiPartFormRequest.m"; path = "cordova-plugin-ionic-webview/GCDWebServerMultiPartFormRequest.m"; sourceTree = "<group>"; fileEncoding = 4; lastKnownFileType = sourcecode.c.objc; explicitFileType = undefined; includeInIndex = 0; };
		EA1FB0074455438487189C8B /* GCDWebServerURLEncodedFormRequest.m */ = {isa = PBXFileReference; name = "GCDWebServerURLEncodedFormRequest.m"; path = "cordova-plugin-ionic-webview/GCDWebServerURLEncodedFormRequest.m"; sourceTree = "<group>"; fileEncoding = 4; lastKnownFileType = sourcecode.c.objc; explicitFileType = undefined; includeInIndex = 0; };
		43CABEE21DE64BFFB06F2327 /* GCDWebServerDataResponse.m */ = {isa = PBXFileReference; name = "GCDWebServerDataResponse.m"; path = "cordova-plugin-ionic-webview/GCDWebServerDataResponse.m"; sourceTree = "<group>"; fileEncoding = 4; lastKnownFileType = sourcecode.c.objc; explicitFileType = undefined; includeInIndex = 0; };
		CED8D6ECEE154CE4B3383D41 /* GCDWebServerErrorResponse.m */ = {isa = PBXFileReference; name = "GCDWebServerErrorResponse.m"; path = "cordova-plugin-ionic-webview/GCDWebServerErrorResponse.m"; sourceTree = "<group>"; fileEncoding = 4; lastKnownFileType = sourcecode.c.objc; explicitFileType = undefined; includeInIndex = 0; };
		7EA21C0B628046F4AD73321F /* GCDWebServerFileResponse.m */ = {isa = PBXFileReference; name = "GCDWebServerFileResponse.m"; path = "cordova-plugin-ionic-webview/GCDWebServerFileResponse.m"; sourceTree = "<group>"; fileEncoding = 4; lastKnownFileType = sourcecode.c.objc; explicitFileType = undefined; includeInIndex = 0; };
		AD1904CE29554043837EFEF3 /* GCDWebServerStreamedResponse.m */ = {isa = PBXFileReference; name = "GCDWebServerStreamedResponse.m"; path = "cordova-plugin-ionic-webview/GCDWebServerStreamedResponse.m"; sourceTree = "<group>"; fileEncoding = 4; lastKnownFileType = sourcecode.c.objc; explicitFileType = undefined; includeInIndex = 0; };
		1B5727CE897C4FFA979FC122 /* CDVWKWebViewEngine.h */ = {isa = PBXFileReference; name = "CDVWKWebViewEngine.h"; path = "cordova-plugin-ionic-webview/CDVWKWebViewEngine.h"; sourceTree = "<group>"; fileEncoding = 4; lastKnownFileType = sourcecode.c.h; explicitFileType = undefined; includeInIndex = 0; };
		B74BA4A9D24C4227ACAE7851 /* CDVWKWebViewUIDelegate.h */ = {isa = PBXFileReference; name = "CDVWKWebViewUIDelegate.h"; path = "cordova-plugin-ionic-webview/CDVWKWebViewUIDelegate.h"; sourceTree = "<group>"; fileEncoding = 4; lastKnownFileType = sourcecode.c.h; explicitFileType = undefined; includeInIndex = 0; };
		AE68277AAABA417791E6B2C4 /* CDVWKProcessPoolFactory.h */ = {isa = PBXFileReference; name = "CDVWKProcessPoolFactory.h"; path = "cordova-plugin-ionic-webview/CDVWKProcessPoolFactory.h"; sourceTree = "<group>"; fileEncoding = 4; lastKnownFileType = sourcecode.c.h; explicitFileType = undefined; includeInIndex = 0; };
		9C8AECA3EE0C4418A04956FF /* GCDWebServer.h */ = {isa = PBXFileReference; name = "GCDWebServer.h"; path = "cordova-plugin-ionic-webview/GCDWebServer.h"; sourceTree = "<group>"; fileEncoding = 4; lastKnownFileType = sourcecode.c.h; explicitFileType = undefined; includeInIndex = 0; };
		C5716748D2B541C2A9BDC0D1 /* GCDWebServerConnection.h */ = {isa = PBXFileReference; name = "GCDWebServerConnection.h"; path = "cordova-plugin-ionic-webview/GCDWebServerConnection.h"; sourceTree = "<group>"; fileEncoding = 4; lastKnownFileType = sourcecode.c.h; explicitFileType = undefined; includeInIndex = 0; };
		22FD5860CDE246B69EF6D762 /* GCDWebServerFunctions.h */ = {isa = PBXFileReference; name = "GCDWebServerFunctions.h"; path = "cordova-plugin-ionic-webview/GCDWebServerFunctions.h"; sourceTree = "<group>"; fileEncoding = 4; lastKnownFileType = sourcecode.c.h; explicitFileType = undefined; includeInIndex = 0; };
		3677AAB4E6D14A8992D5FE0C /* GCDWebServerHTTPStatusCodes.h */ = {isa = PBXFileReference; name = "GCDWebServerHTTPStatusCodes.h"; path = "cordova-plugin-ionic-webview/GCDWebServerHTTPStatusCodes.h"; sourceTree = "<group>"; fileEncoding = 4; lastKnownFileType = sourcecode.c.h; explicitFileType = undefined; includeInIndex = 0; };
		8DF8D7807BA94F819C6F43CA /* GCDWebServerPrivate.h */ = {isa = PBXFileReference; name = "GCDWebServerPrivate.h"; path = "cordova-plugin-ionic-webview/GCDWebServerPrivate.h"; sourceTree = "<group>"; fileEncoding = 4; lastKnownFileType = sourcecode.c.h; explicitFileType = undefined; includeInIndex = 0; };
		7A414D202B624496A4C9F584 /* GCDWebServerRequest.h */ = {isa = PBXFileReference; name = "GCDWebServerRequest.h"; path = "cordova-plugin-ionic-webview/GCDWebServerRequest.h"; sourceTree = "<group>"; fileEncoding = 4; lastKnownFileType = sourcecode.c.h; explicitFileType = undefined; includeInIndex = 0; };
		C6AA4760B4E545B297223372 /* GCDWebServerResponse.h */ = {isa = PBXFileReference; name = "GCDWebServerResponse.h"; path = "cordova-plugin-ionic-webview/GCDWebServerResponse.h"; sourceTree = "<group>"; fileEncoding = 4; lastKnownFileType = sourcecode.c.h; explicitFileType = undefined; includeInIndex = 0; };
		73373D0EF4ED4C1782D4DC1E /* GCDWebServerDataRequest.h */ = {isa = PBXFileReference; name = "GCDWebServerDataRequest.h"; path = "cordova-plugin-ionic-webview/GCDWebServerDataRequest.h"; sourceTree = "<group>"; fileEncoding = 4; lastKnownFileType = sourcecode.c.h; explicitFileType = undefined; includeInIndex = 0; };
		0877991A2D38458282E7E48F /* GCDWebServerFileRequest.h */ = {isa = PBXFileReference; name = "GCDWebServerFileRequest.h"; path = "cordova-plugin-ionic-webview/GCDWebServerFileRequest.h"; sourceTree = "<group>"; fileEncoding = 4; lastKnownFileType = sourcecode.c.h; explicitFileType = undefined; includeInIndex = 0; };
		610AB9C05B234696B7D29E68 /* GCDWebServerMultiPartFormRequest.h */ = {isa = PBXFileReference; name = "GCDWebServerMultiPartFormRequest.h"; path = "cordova-plugin-ionic-webview/GCDWebServerMultiPartFormRequest.h"; sourceTree = "<group>"; fileEncoding = 4; lastKnownFileType = sourcecode.c.h; explicitFileType = undefined; includeInIndex = 0; };
		7FB2BA016AC34AB9BD11AB3D /* GCDWebServerURLEncodedFormRequest.h */ = {isa = PBXFileReference; name = "GCDWebServerURLEncodedFormRequest.h"; path = "cordova-plugin-ionic-webview/GCDWebServerURLEncodedFormRequest.h"; sourceTree = "<group>"; fileEncoding = 4; lastKnownFileType = sourcecode.c.h; explicitFileType = undefined; includeInIndex = 0; };
		EE1B260F121A415AA5CFDE64 /* GCDWebServerDataResponse.h */ = {isa = PBXFileReference; name = "GCDWebServerDataResponse.h"; path = "cordova-plugin-ionic-webview/GCDWebServerDataResponse.h"; sourceTree = "<group>"; fileEncoding = 4; lastKnownFileType = sourcecode.c.h; explicitFileType = undefined; includeInIndex = 0; };
		3C50091E8A454C1C9BF6F5AF /* GCDWebServerErrorResponse.h */ = {isa = PBXFileReference; name = "GCDWebServerErrorResponse.h"; path = "cordova-plugin-ionic-webview/GCDWebServerErrorResponse.h"; sourceTree = "<group>"; fileEncoding = 4; lastKnownFileType = sourcecode.c.h; explicitFileType = undefined; includeInIndex = 0; };
		62A06E513B3C42F291B15720 /* GCDWebServerFileResponse.h */ = {isa = PBXFileReference; name = "GCDWebServerFileResponse.h"; path = "cordova-plugin-ionic-webview/GCDWebServerFileResponse.h"; sourceTree = "<group>"; fileEncoding = 4; lastKnownFileType = sourcecode.c.h; explicitFileType = undefined; includeInIndex = 0; };
		47B943A6F714486F8F9EB6C3 /* GCDWebServerStreamedResponse.h */ = {isa = PBXFileReference; name = "GCDWebServerStreamedResponse.h"; path = "cordova-plugin-ionic-webview/GCDWebServerStreamedResponse.h"; sourceTree = "<group>"; fileEncoding = 4; lastKnownFileType = sourcecode.c.h; explicitFileType = undefined; includeInIndex = 0; };
		22BE23780AFB4272A8337618 /* WebKit.framework */ = {isa = PBXFileReference; name = "WebKit.framework"; path = "System/Library/Frameworks/WebKit.framework"; sourceTree = SDKROOT; fileEncoding = undefined; lastKnownFileType = wrapper.framework; explicitFileType = undefined; includeInIndex = 0; };
		D472D8B250F3472883B10063 /* libz.tbd */ = {isa = PBXFileReference; name = "libz.tbd"; path = "usr/lib/libz.tbd"; sourceTree = SDKROOT; fileEncoding = undefined; lastKnownFileType = sourcecode.text-based-dylib-definition; explicitFileType = undefined; includeInIndex = 0; };
		ED11CB6861E44EF5B3B0A58F /* CDVSplashScreen.m */ = {isa = PBXFileReference; name = "CDVSplashScreen.m"; path = "cordova-plugin-splashscreen/CDVSplashScreen.m"; sourceTree = "<group>"; fileEncoding = 4; lastKnownFileType = sourcecode.c.objc; explicitFileType = undefined; includeInIndex = 0; };
		9B33D3EE590E4D5383F3B03A /* CDVViewController+SplashScreen.m */ = {isa = PBXFileReference; name = "CDVViewController+SplashScreen.m"; path = "cordova-plugin-splashscreen/CDVViewController+SplashScreen.m"; sourceTree = "<group>"; fileEncoding = 4; lastKnownFileType = sourcecode.c.objc; explicitFileType = undefined; includeInIndex = 0; };
		CA30FCFCE4154E7A8D9AF313 /* CDVSplashScreen.h */ = {isa = PBXFileReference; name = "CDVSplashScreen.h"; path = "cordova-plugin-splashscreen/CDVSplashScreen.h"; sourceTree = "<group>"; fileEncoding = 4; lastKnownFileType = sourcecode.c.h; explicitFileType = undefined; includeInIndex = 0; };
		23CB8EE477C2499B9A78DDE3 /* CDVViewController+SplashScreen.h */ = {isa = PBXFileReference; name = "CDVViewController+SplashScreen.h"; path = "cordova-plugin-splashscreen/CDVViewController+SplashScreen.h"; sourceTree = "<group>"; fileEncoding = 4; lastKnownFileType = sourcecode.c.h; explicitFileType = undefined; includeInIndex = 0; };
		3F1D74DF5B194FD2A0605F5C /* CDVStatusBar.m */ = {isa = PBXFileReference; name = "CDVStatusBar.m"; path = "cordova-plugin-statusbar/CDVStatusBar.m"; sourceTree = "<group>"; fileEncoding = 4; lastKnownFileType = sourcecode.c.objc; explicitFileType = undefined; includeInIndex = 0; };
		D616F8F6D5B5400A9CBAF587 /* CDVStatusBar.h */ = {isa = PBXFileReference; name = "CDVStatusBar.h"; path = "cordova-plugin-statusbar/CDVStatusBar.h"; sourceTree = "<group>"; fileEncoding = 4; lastKnownFileType = sourcecode.c.h; explicitFileType = undefined; includeInIndex = 0; };
		706D564487DE45479E4D8B7B /* SOSPicker.m */ = {isa = PBXFileReference; name = "SOSPicker.m"; path = "cordova-plugin-telerik-imagepicker/SOSPicker.m"; sourceTree = "<group>"; fileEncoding = 4; lastKnownFileType = sourcecode.c.objc; explicitFileType = undefined; includeInIndex = 0; };
		3DC137894A8149D8B8E8E1AB /* UIImage+fixOrientation.m */ = {isa = PBXFileReference; name = "UIImage+fixOrientation.m"; path = "cordova-plugin-telerik-imagepicker/UIImage+fixOrientation.m"; sourceTree = "<group>"; fileEncoding = 4; lastKnownFileType = sourcecode.c.objc; explicitFileType = undefined; includeInIndex = 0; };
		C46315B0DCBB430AA062A04E /* GMAlbumsViewCell.m */ = {isa = PBXFileReference; name = "GMAlbumsViewCell.m"; path = "cordova-plugin-telerik-imagepicker/GMAlbumsViewCell.m"; sourceTree = "<group>"; fileEncoding = 4; lastKnownFileType = sourcecode.c.objc; explicitFileType = undefined; includeInIndex = 0; };
		BE2A5BB59F494F06BBED1C2D /* GMAlbumsViewController.m */ = {isa = PBXFileReference; name = "GMAlbumsViewController.m"; path = "cordova-plugin-telerik-imagepicker/GMAlbumsViewController.m"; sourceTree = "<group>"; fileEncoding = 4; lastKnownFileType = sourcecode.c.objc; explicitFileType = undefined; includeInIndex = 0; };
		9DA2DD15191D415CA7B6DA2C /* GMFetchItem.m */ = {isa = PBXFileReference; name = "GMFetchItem.m"; path = "cordova-plugin-telerik-imagepicker/GMFetchItem.m"; sourceTree = "<group>"; fileEncoding = 4; lastKnownFileType = sourcecode.c.objc; explicitFileType = undefined; includeInIndex = 0; };
		DEA704D852C34BCCACACF140 /* GMGridViewCell.m */ = {isa = PBXFileReference; name = "GMGridViewCell.m"; path = "cordova-plugin-telerik-imagepicker/GMGridViewCell.m"; sourceTree = "<group>"; fileEncoding = 4; lastKnownFileType = sourcecode.c.objc; explicitFileType = undefined; includeInIndex = 0; };
		FEB20A7F93574904B08ED72D /* GMGridViewController.m */ = {isa = PBXFileReference; name = "GMGridViewController.m"; path = "cordova-plugin-telerik-imagepicker/GMGridViewController.m"; sourceTree = "<group>"; fileEncoding = 4; lastKnownFileType = sourcecode.c.objc; explicitFileType = undefined; includeInIndex = 0; };
		F87B8B00CDF24BD0AB6CBEB1 /* GMImagePickerController.m */ = {isa = PBXFileReference; name = "GMImagePickerController.m"; path = "cordova-plugin-telerik-imagepicker/GMImagePickerController.m"; sourceTree = "<group>"; fileEncoding = 4; lastKnownFileType = sourcecode.c.objc; explicitFileType = undefined; includeInIndex = 0; };
		E7FABC46934548CCA1ED6C6B /* PSYBlockTimer.m */ = {isa = PBXFileReference; name = "PSYBlockTimer.m"; path = "cordova-plugin-telerik-imagepicker/PSYBlockTimer.m"; sourceTree = "<group>"; fileEncoding = 4; lastKnownFileType = sourcecode.c.objc; explicitFileType = undefined; includeInIndex = 0; };
		1C59AC6B46B748D4918C03E2 /* GMPHAsset.m */ = {isa = PBXFileReference; name = "GMPHAsset.m"; path = "cordova-plugin-telerik-imagepicker/GMPHAsset.m"; sourceTree = "<group>"; fileEncoding = 4; lastKnownFileType = sourcecode.c.objc; explicitFileType = undefined; includeInIndex = 0; };
		13A0EEFA0021480A92ECD469 /* SOSPicker.h */ = {isa = PBXFileReference; name = "SOSPicker.h"; path = "cordova-plugin-telerik-imagepicker/SOSPicker.h"; sourceTree = "<group>"; fileEncoding = 4; lastKnownFileType = sourcecode.c.h; explicitFileType = undefined; includeInIndex = 0; };
		9C57C85B302A475E815585D2 /* UIImage+fixOrientation.h */ = {isa = PBXFileReference; name = "UIImage+fixOrientation.h"; path = "cordova-plugin-telerik-imagepicker/UIImage+fixOrientation.h"; sourceTree = "<group>"; fileEncoding = 4; lastKnownFileType = sourcecode.c.h; explicitFileType = undefined; includeInIndex = 0; };
		4C33425679EC4140905F686E /* GMAlbumsViewCell.h */ = {isa = PBXFileReference; name = "GMAlbumsViewCell.h"; path = "cordova-plugin-telerik-imagepicker/GMAlbumsViewCell.h"; sourceTree = "<group>"; fileEncoding = 4; lastKnownFileType = sourcecode.c.h; explicitFileType = undefined; includeInIndex = 0; };
		F47D97EE561E4F6FAC1D1497 /* GMAlbumsViewController.h */ = {isa = PBXFileReference; name = "GMAlbumsViewController.h"; path = "cordova-plugin-telerik-imagepicker/GMAlbumsViewController.h"; sourceTree = "<group>"; fileEncoding = 4; lastKnownFileType = sourcecode.c.h; explicitFileType = undefined; includeInIndex = 0; };
		C9268BBD6C9743C8A0D2921C /* GMFetchItem.h */ = {isa = PBXFileReference; name = "GMFetchItem.h"; path = "cordova-plugin-telerik-imagepicker/GMFetchItem.h"; sourceTree = "<group>"; fileEncoding = 4; lastKnownFileType = sourcecode.c.h; explicitFileType = undefined; includeInIndex = 0; };
		51FA8D51B9B14B7F967CC71E /* GMGridViewCell.h */ = {isa = PBXFileReference; name = "GMGridViewCell.h"; path = "cordova-plugin-telerik-imagepicker/GMGridViewCell.h"; sourceTree = "<group>"; fileEncoding = 4; lastKnownFileType = sourcecode.c.h; explicitFileType = undefined; includeInIndex = 0; };
		1DCEB417B68D411E9047ABED /* GMGridViewController.h */ = {isa = PBXFileReference; name = "GMGridViewController.h"; path = "cordova-plugin-telerik-imagepicker/GMGridViewController.h"; sourceTree = "<group>"; fileEncoding = 4; lastKnownFileType = sourcecode.c.h; explicitFileType = undefined; includeInIndex = 0; };
		F59061BCCE894EF2B1D653FB /* GMImagePickerController.h */ = {isa = PBXFileReference; name = "GMImagePickerController.h"; path = "cordova-plugin-telerik-imagepicker/GMImagePickerController.h"; sourceTree = "<group>"; fileEncoding = 4; lastKnownFileType = sourcecode.c.h; explicitFileType = undefined; includeInIndex = 0; };
		7D77764C762F4B4799FDA146 /* PSYBlockTimer.h */ = {isa = PBXFileReference; name = "PSYBlockTimer.h"; path = "cordova-plugin-telerik-imagepicker/PSYBlockTimer.h"; sourceTree = "<group>"; fileEncoding = 4; lastKnownFileType = sourcecode.c.h; explicitFileType = undefined; includeInIndex = 0; };
		6F0E1CAA2CC848D4867A71CC /* GMPHAsset.h */ = {isa = PBXFileReference; name = "GMPHAsset.h"; path = "cordova-plugin-telerik-imagepicker/GMPHAsset.h"; sourceTree = "<group>"; fileEncoding = 4; lastKnownFileType = sourcecode.c.h; explicitFileType = undefined; includeInIndex = 0; };
		AB1BFBE3F6E24998902D24F3 /* GMEmptyFolder@1x.png */ = {isa = PBXFileReference; name = "GMEmptyFolder@1x.png"; path = "GMEmptyFolder@1x.png"; sourceTree = "<group>"; fileEncoding = undefined; lastKnownFileType = unknown; explicitFileType = undefined; includeInIndex = 0; };
		4FB98803812446ADBBA05B3F /* GMEmptyFolder@2x.png */ = {isa = PBXFileReference; name = "GMEmptyFolder@2x.png"; path = "GMEmptyFolder@2x.png"; sourceTree = "<group>"; fileEncoding = undefined; lastKnownFileType = unknown; explicitFileType = undefined; includeInIndex = 0; };
		77C16E396DF3418EB892ACC3 /* GMSelected.png */ = {isa = PBXFileReference; name = "GMSelected.png"; path = "GMSelected.png"; sourceTree = "<group>"; fileEncoding = undefined; lastKnownFileType = unknown; explicitFileType = undefined; includeInIndex = 0; };
		254231B8D60746E7B20C04BD /* GMSelected@2x.png */ = {isa = PBXFileReference; name = "GMSelected@2x.png"; path = "GMSelected@2x.png"; sourceTree = "<group>"; fileEncoding = undefined; lastKnownFileType = unknown; explicitFileType = undefined; includeInIndex = 0; };
		C7D3E1642426408CA422527E /* GMVideoIcon.png */ = {isa = PBXFileReference; name = "GMVideoIcon.png"; path = "GMVideoIcon.png"; sourceTree = "<group>"; fileEncoding = undefined; lastKnownFileType = unknown; explicitFileType = undefined; includeInIndex = 0; };
		E52C6565E89A49CDB2161B3F /* GMVideoIcon@2x.png */ = {isa = PBXFileReference; name = "GMVideoIcon@2x.png"; path = "GMVideoIcon@2x.png"; sourceTree = "<group>"; fileEncoding = undefined; lastKnownFileType = unknown; explicitFileType = undefined; includeInIndex = 0; };
		4CAFA4AB9B534DAAADAF868E /* ca.lproj */ = {isa = PBXFileReference; name = "ca.lproj"; path = "ca.lproj"; sourceTree = "<group>"; fileEncoding = undefined; lastKnownFileType = unknown; explicitFileType = undefined; includeInIndex = 0; };
		6F93094406394E08B2C18BFF /* de.lproj */ = {isa = PBXFileReference; name = "de.lproj"; path = "de.lproj"; sourceTree = "<group>"; fileEncoding = undefined; lastKnownFileType = unknown; explicitFileType = undefined; includeInIndex = 0; };
		399000106D254EBF85D8148B /* en.lproj */ = {isa = PBXFileReference; name = "en.lproj"; path = "en.lproj"; sourceTree = "<group>"; fileEncoding = undefined; lastKnownFileType = unknown; explicitFileType = undefined; includeInIndex = 0; };
		DD0952AD398049D5B0538E7F /* es.lproj */ = {isa = PBXFileReference; name = "es.lproj"; path = "es.lproj"; sourceTree = "<group>"; fileEncoding = undefined; lastKnownFileType = unknown; explicitFileType = undefined; includeInIndex = 0; };
		33F9E338A14342A398A72946 /* fr.lproj */ = {isa = PBXFileReference; name = "fr.lproj"; path = "fr.lproj"; sourceTree = "<group>"; fileEncoding = undefined; lastKnownFileType = unknown; explicitFileType = undefined; includeInIndex = 0; };
		01CE90AE00844735A95F5BB3 /* it.lproj */ = {isa = PBXFileReference; name = "it.lproj"; path = "it.lproj"; sourceTree = "<group>"; fileEncoding = undefined; lastKnownFileType = unknown; explicitFileType = undefined; includeInIndex = 0; };
		D46B1B226B5445BCABC4BAD2 /* pt.lproj */ = {isa = PBXFileReference; name = "pt.lproj"; path = "pt.lproj"; sourceTree = "<group>"; fileEncoding = undefined; lastKnownFileType = unknown; explicitFileType = undefined; includeInIndex = 0; };
		D2682F155CD546CF97198D0F /* pl.lproj */ = {isa = PBXFileReference; name = "pl.lproj"; path = "pl.lproj"; sourceTree = "<group>"; fileEncoding = undefined; lastKnownFileType = unknown; explicitFileType = undefined; includeInIndex = 0; };
		310E0DFCD98F49B1B9F43476 /* zh-Hans.lproj */ = {isa = PBXFileReference; name = "zh-Hans.lproj"; path = "zh-Hans.lproj"; sourceTree = "<group>"; fileEncoding = undefined; lastKnownFileType = unknown; explicitFileType = undefined; includeInIndex = 0; };
		3B44830854E9460DB7802469 /* Accelerate.framework */ = {isa = PBXFileReference; name = "Accelerate.framework"; path = "System/Library/Frameworks/Accelerate.framework"; sourceTree = SDKROOT; fileEncoding = undefined; lastKnownFileType = wrapper.framework; explicitFileType = undefined; includeInIndex = 0; };
		5BFDDF4AB95146EC83EE95FD /* Security.framework */ = {isa = PBXFileReference; name = "Security.framework"; path = "System/Library/Frameworks/Security.framework"; sourceTree = SDKROOT; fileEncoding = undefined; lastKnownFileType = wrapper.framework; explicitFileType = undefined; includeInIndex = 0; };
		B8603250F81E4EB79CC1047E /* Photos.framework */ = {isa = PBXFileReference; name = "Photos.framework"; path = "System/Library/Frameworks/Photos.framework"; sourceTree = SDKROOT; fileEncoding = undefined; lastKnownFileType = wrapper.framework; explicitFileType = undefined; includeInIndex = 0; };
		51315B8BD3C64038BFBF7951 /* SystemConfiguration.framework */ = {isa = PBXFileReference; name = "SystemConfiguration.framework"; path = "System/Library/Frameworks/SystemConfiguration.framework"; sourceTree = SDKROOT; fileEncoding = undefined; lastKnownFileType = wrapper.framework; explicitFileType = undefined; includeInIndex = 0; };
		4C239D692F624ED9A4DF08B2 /* QuartzCore.framework */ = {isa = PBXFileReference; name = "QuartzCore.framework"; path = "System/Library/Frameworks/QuartzCore.framework"; sourceTree = SDKROOT; fileEncoding = undefined; lastKnownFileType = wrapper.framework; explicitFileType = undefined; includeInIndex = 0; };
/* End PBXFileReference section */

/* Begin PBXFrameworksBuildPhase section */
		1D60588F0D05DD3D006BFB54 /* Frameworks */ = {
			isa = PBXFrameworksBuildPhase;
			buildActionMask = 2147483647;
			files = (
				301BF552109A68D80062928A /* libCordova.a in Frameworks */,
				441A04F4B8C54DD286FEFC4A /* ImageIO.framework in Frameworks */,
				E52E094026684B888FA1B489 /* CoreLocation.framework in Frameworks */,
				25F085388711441A829CBCAD /* AVFoundation.framework in Frameworks */,
				B08095839C1D410A98431016 /* WebKit.framework in Frameworks */,
				811DDE95E7AB4E77B87C9B23 /* libz.tbd in Frameworks */,
				F0E6136AB50D44BA95E2503E /* Accelerate.framework in Frameworks */,
				17ACE3D97AFC44998572DAD6 /* Security.framework in Frameworks */,
				AC582845E8F24E3EB076AE61 /* Photos.framework in Frameworks */,
				8088B7D0F29C4AC1B2002876 /* SystemConfiguration.framework in Frameworks */,
				61E2951298FD40AC96AE0438 /* QuartzCore.framework in Frameworks */,
			);
			runOnlyForDeploymentPostprocessing = 0;
		};
/* End PBXFrameworksBuildPhase section */

/* Begin PBXGroup section */
		080E96DDFE201D6D7F000001 /* Classes */ = {
			isa = PBXGroup;
			children = (
				302D95EE14D2391D003F00A1 /* MainViewController.h */,
				302D95EF14D2391D003F00A1 /* MainViewController.m */,
				302D95F014D2391D003F00A1 /* MainViewController.xib */,
				1D3623240D0F684500981E51 /* AppDelegate.h */,
				1D3623250D0F684500981E51 /* AppDelegate.m */,
			);
			name = Classes;
			path = "NetworGallery/Classes";
			sourceTree = SOURCE_ROOT;
		};
		19C28FACFE9D520D11CA2CBB /* Products */ = {
			isa = PBXGroup;
			children = (
				1D6058910D05DD3D006BFB54 /* NetworGallery.app */,
			);
			name = Products;
			sourceTree = "<group>";
		};
		29B97314FDCFA39411CA2CEA /* CustomTemplate */ = {
			isa = PBXGroup;
			children = (
				EB87FDF41871DAF40020F90C /* config.xml */,
				EB87FDF31871DA8E0020F90C /* www */,
				EB87FDF11871DA420020F90C /* Staging */,
				301BF52D109A57CC0062928A /* CordovaLib.xcodeproj */,
				080E96DDFE201D6D7F000001 /* Classes */,
				307C750510C5A3420062BCA9 /* Plugins */,
				29B97315FDCFA39411CA2CEA /* Other Sources */,
				29B97317FDCFA39411CA2CEA /* Resources */,
				29B97323FDCFA39411CA2CEA /* Frameworks */,
				19C28FACFE9D520D11CA2CBB /* Products */,
			);
			name = CustomTemplate;
			sourceTree = "<group>";
		};
		29B97315FDCFA39411CA2CEA /* Other Sources */ = {
			isa = PBXGroup;
			children = (
				32CA4F630368D1EE00C91783 /* NetworGallery-Prefix.pch */,
				29B97316FDCFA39411CA2CEA /* main.m */,
				ED33DF2A687741AEAF9F8254 /* Bridging-Header.h */,
			);
			name = "Other Sources";
			path = "NetworGallery";
			sourceTree = "<group>";
		};
		29B97317FDCFA39411CA2CEA /* Resources */ = {
			isa = PBXGroup;
			children = (
				0207DA571B56EA530066E2B4 /* Images.xcassets */,
				3047A50E1AB8057F00498E2A /* config */,
				8D1107310486CEB800E47090 /* NetworGallery-Info.plist */,
				6AFF5BF81D6E424B00AB3073 /* CDVLaunchScreen.storyboard */,
				AB1BFBE3F6E24998902D24F3 /* GMEmptyFolder@1x.png */,
				4FB98803812446ADBBA05B3F /* GMEmptyFolder@2x.png */,
				77C16E396DF3418EB892ACC3 /* GMSelected.png */,
				254231B8D60746E7B20C04BD /* GMSelected@2x.png */,
				C7D3E1642426408CA422527E /* GMVideoIcon.png */,
				E52C6565E89A49CDB2161B3F /* GMVideoIcon@2x.png */,
				4CAFA4AB9B534DAAADAF868E /* ca.lproj */,
				6F93094406394E08B2C18BFF /* de.lproj */,
				399000106D254EBF85D8148B /* en.lproj */,
				DD0952AD398049D5B0538E7F /* es.lproj */,
				33F9E338A14342A398A72946 /* fr.lproj */,
				01CE90AE00844735A95F5BB3 /* it.lproj */,
				D46B1B226B5445BCABC4BAD2 /* pt.lproj */,
				D2682F155CD546CF97198D0F /* pl.lproj */,
				310E0DFCD98F49B1B9F43476 /* zh-Hans.lproj */,
			);
			name = Resources;
			path = "NetworGallery/Resources";
			sourceTree = "<group>";
		};
		29B97323FDCFA39411CA2CEA /* Frameworks */ = {
			isa = PBXGroup;
			children = (
				F62119120C3B4769A7470084 /* ImageIO.framework */,
				2497B51798A34E4F8732C28A /* CoreLocation.framework */,
				AB1D8E9C46254A5A81E67362 /* AVFoundation.framework */,
				22BE23780AFB4272A8337618 /* WebKit.framework */,
				D472D8B250F3472883B10063 /* libz.tbd */,
				3B44830854E9460DB7802469 /* Accelerate.framework */,
				5BFDDF4AB95146EC83EE95FD /* Security.framework */,
				B8603250F81E4EB79CC1047E /* Photos.framework */,
				51315B8BD3C64038BFBF7951 /* SystemConfiguration.framework */,
				4C239D692F624ED9A4DF08B2 /* QuartzCore.framework */,
			);
			name = Frameworks;
			sourceTree = "<group>";
		};
		301BF52E109A57CC0062928A /* Products */ = {
			isa = PBXGroup;
			children = (
				301BF535109A57CC0062928A /* libCordova.a */,
			);
			name = Products;
			sourceTree = "<group>";
		};
		3047A50E1AB8057F00498E2A /* config */ = {
			isa = PBXGroup;
			children = (
				3047A50F1AB8059700498E2A /* build-debug.xcconfig */,
				3047A5101AB8059700498E2A /* build-release.xcconfig */,
				3047A5111AB8059700498E2A /* build.xcconfig */,
			);
			name = config;
			sourceTree = "<group>";
		};
		307C750510C5A3420062BCA9 /* Plugins */ = {
			isa = PBXGroup;
			children = (
				938C61ED30DD4DEEA9FCEDBF /* PhotoViewer.m */,
				CD4ECDA3326A478DB661465C /* UIImage+CropScaleOrientation.m */,
				96FFAE56F44F45A79F383ED6 /* CDVCamera.m */,
				0647956BAE824E36A07D9763 /* CDVJpegHeaderWriter.m */,
				D7606845633C4F5299EAE856 /* UIImage+CropScaleOrientation.h */,
				CD8FEB2C46874670ABF30A56 /* CDVCamera.h */,
				46C190630B7345F491F4FCE4 /* CDVJpegHeaderWriter.h */,
				D13F4D4D8BA64CC5A4620284 /* CDVExif.h */,
				C1DA3B8BE51C4682A54A0784 /* CDVDevice.m */,
				C667EACD1A80404FB129447C /* CDVDevice.h */,
				74B42F1F02924449B552ADB3 /* CDVFile.m */,
				4A88AC44A8E54BF18E1EEF5C /* CDVLocalFilesystem.m */,
				8226F0CE64204FBABE33F642 /* CDVAssetLibraryFilesystem.m */,
				8362F0302FD84C9C8C98B0C5 /* CDVFile.h */,
				27F22FBC28AA4E3EB2C09DAA /* CDVLocalFilesystem.h */,
				CDE1B197AAD5496180C5C7D5 /* CDVAssetLibraryFilesystem.h */,
				5F3E0FE6BF5D4CEEA4412A5E /* CDVFileTransfer.m */,
				5825A9AE8A8E448B838A94DD /* CDVFileTransfer.h */,
				ADED882942784A82A1956651 /* CDVIonicKeyboard.m */,
				592565AB70C248E7811B3AE6 /* CDVIonicKeyboard.h */,
				8E951D9F5BAB4FAB9090DD69 /* CDVWKWebViewEngine.m */,
				79D925BCAABA46B4A39A158A /* CDVWKWebViewUIDelegate.m */,
				4E624C0227D24248B59BD394 /* CDVWKProcessPoolFactory.m */,
				FCFF761B4BE34298B8FFD056 /* GCDWebServer.m */,
				1DA04DA4DE9A4EBB8D6E3E8B /* GCDWebServerConnection.m */,
				680E17DCFAEB448FA3E30EB2 /* GCDWebServerFunctions.m */,
				683D5A59A6C74D19819BBD85 /* GCDWebServerRequest.m */,
				D37F41641A7E4E3F8F60ACEB /* GCDWebServerResponse.m */,
				7317A03CD1244FB6A86FC875 /* GCDWebServerDataRequest.m */,
				8382CDE5FFA64F62B0B4BB27 /* GCDWebServerFileRequest.m */,
				9426C39C997341089B5F0D91 /* GCDWebServerMultiPartFormRequest.m */,
				EA1FB0074455438487189C8B /* GCDWebServerURLEncodedFormRequest.m */,
				43CABEE21DE64BFFB06F2327 /* GCDWebServerDataResponse.m */,
				CED8D6ECEE154CE4B3383D41 /* GCDWebServerErrorResponse.m */,
				7EA21C0B628046F4AD73321F /* GCDWebServerFileResponse.m */,
				AD1904CE29554043837EFEF3 /* GCDWebServerStreamedResponse.m */,
				1B5727CE897C4FFA979FC122 /* CDVWKWebViewEngine.h */,
				B74BA4A9D24C4227ACAE7851 /* CDVWKWebViewUIDelegate.h */,
				AE68277AAABA417791E6B2C4 /* CDVWKProcessPoolFactory.h */,
				9C8AECA3EE0C4418A04956FF /* GCDWebServer.h */,
				C5716748D2B541C2A9BDC0D1 /* GCDWebServerConnection.h */,
				22FD5860CDE246B69EF6D762 /* GCDWebServerFunctions.h */,
				3677AAB4E6D14A8992D5FE0C /* GCDWebServerHTTPStatusCodes.h */,
				8DF8D7807BA94F819C6F43CA /* GCDWebServerPrivate.h */,
				7A414D202B624496A4C9F584 /* GCDWebServerRequest.h */,
				C6AA4760B4E545B297223372 /* GCDWebServerResponse.h */,
				73373D0EF4ED4C1782D4DC1E /* GCDWebServerDataRequest.h */,
				0877991A2D38458282E7E48F /* GCDWebServerFileRequest.h */,
				610AB9C05B234696B7D29E68 /* GCDWebServerMultiPartFormRequest.h */,
				7FB2BA016AC34AB9BD11AB3D /* GCDWebServerURLEncodedFormRequest.h */,
				EE1B260F121A415AA5CFDE64 /* GCDWebServerDataResponse.h */,
				3C50091E8A454C1C9BF6F5AF /* GCDWebServerErrorResponse.h */,
				62A06E513B3C42F291B15720 /* GCDWebServerFileResponse.h */,
				47B943A6F714486F8F9EB6C3 /* GCDWebServerStreamedResponse.h */,
				ED11CB6861E44EF5B3B0A58F /* CDVSplashScreen.m */,
				9B33D3EE590E4D5383F3B03A /* CDVViewController+SplashScreen.m */,
				CA30FCFCE4154E7A8D9AF313 /* CDVSplashScreen.h */,
				23CB8EE477C2499B9A78DDE3 /* CDVViewController+SplashScreen.h */,
				3F1D74DF5B194FD2A0605F5C /* CDVStatusBar.m */,
				D616F8F6D5B5400A9CBAF587 /* CDVStatusBar.h */,
				706D564487DE45479E4D8B7B /* SOSPicker.m */,
				3DC137894A8149D8B8E8E1AB /* UIImage+fixOrientation.m */,
				C46315B0DCBB430AA062A04E /* GMAlbumsViewCell.m */,
				BE2A5BB59F494F06BBED1C2D /* GMAlbumsViewController.m */,
				9DA2DD15191D415CA7B6DA2C /* GMFetchItem.m */,
				DEA704D852C34BCCACACF140 /* GMGridViewCell.m */,
				FEB20A7F93574904B08ED72D /* GMGridViewController.m */,
				F87B8B00CDF24BD0AB6CBEB1 /* GMImagePickerController.m */,
				E7FABC46934548CCA1ED6C6B /* PSYBlockTimer.m */,
				1C59AC6B46B748D4918C03E2 /* GMPHAsset.m */,
				13A0EEFA0021480A92ECD469 /* SOSPicker.h */,
				9C57C85B302A475E815585D2 /* UIImage+fixOrientation.h */,
				4C33425679EC4140905F686E /* GMAlbumsViewCell.h */,
				F47D97EE561E4F6FAC1D1497 /* GMAlbumsViewController.h */,
				C9268BBD6C9743C8A0D2921C /* GMFetchItem.h */,
				51FA8D51B9B14B7F967CC71E /* GMGridViewCell.h */,
				1DCEB417B68D411E9047ABED /* GMGridViewController.h */,
				F59061BCCE894EF2B1D653FB /* GMImagePickerController.h */,
				7D77764C762F4B4799FDA146 /* PSYBlockTimer.h */,
				6F0E1CAA2CC848D4867A71CC /* GMPHAsset.h */,
			);
			name = Plugins;
			path = "NetworGallery/Plugins";
			sourceTree = SOURCE_ROOT;
		};
		EB87FDF11871DA420020F90C /* Staging */ = {
			isa = PBXGroup;
			children = (
				F840E1F0165FE0F500CFE078 /* config.xml */,
				301BF56E109A69640062928A /* www */,
			);
			name = Staging;
			sourceTree = "<group>";
		};
/* End PBXGroup section */

/* Begin PBXNativeTarget section */
		1D6058900D05DD3D006BFB54 /* NetworGallery */ = {
			isa = PBXNativeTarget;
			buildConfigurationList = 1D6058960D05DD3E006BFB54 /* Build configuration list for PBXNativeTarget "NetworGallery" */;
			buildPhases = (
				304B58A110DAC018002A0835 /* Copy www directory */,
				1D60588D0D05DD3D006BFB54 /* Resources */,
				1D60588E0D05DD3D006BFB54 /* Sources */,
				1D60588F0D05DD3D006BFB54 /* Frameworks */,
			);
			buildRules = (
			);
			dependencies = (
				301BF551109A68C00062928A /* PBXTargetDependency */,
			);
			name = "NetworGallery";
			productName = "NetworGallery";
			productReference = 1D6058910D05DD3D006BFB54 /* NetworGallery.app */;
			productType = "com.apple.product-type.application";
		};
/* End PBXNativeTarget section */

/* Begin PBXProject section */
		29B97313FDCFA39411CA2CEA /* Project object */ = {
			isa = PBXProject;
			attributes = {
				LastUpgradeCheck = 510;
			};
			buildConfigurationList = C01FCF4E08A954540054247B /* Build configuration list for PBXProject "__NON-CLI__" */;
			compatibilityVersion = "Xcode 3.2";
			developmentRegion = English;
			hasScannedForEncodings = 1;
			mainGroup = 29B97314FDCFA39411CA2CEA /* CustomTemplate */;
			projectDirPath = "";
			projectReferences = (
				{
					ProductGroup = 301BF52E109A57CC0062928A /* Products */;
					ProjectRef = 301BF52D109A57CC0062928A /* CordovaLib.xcodeproj */;
				},
			);
			projectRoot = "";
			targets = (
				1D6058900D05DD3D006BFB54 /* NetworGallery */,
			);
		};
/* End PBXProject section */

/* Begin PBXReferenceProxy section */
		301BF535109A57CC0062928A /* libCordova.a */ = {
			isa = PBXReferenceProxy;
			fileType = archive.ar;
			path = libCordova.a;
			remoteRef = 301BF534109A57CC0062928A /* PBXContainerItemProxy */;
			sourceTree = BUILT_PRODUCTS_DIR;
		};
/* End PBXReferenceProxy section */

/* Begin PBXResourcesBuildPhase section */
		1D60588D0D05DD3D006BFB54 /* Resources */ = {
			isa = PBXResourcesBuildPhase;
			buildActionMask = 2147483647;
			files = (
				302D95F214D2391D003F00A1 /* MainViewController.xib in Resources */,
				0207DA581B56EA530066E2B4 /* Images.xcassets in Resources */,
				6AFF5BF91D6E424B00AB3073 /* CDVLaunchScreen.storyboard in Resources */,
				1E24F0876079453AB85E6CE2 /* GMEmptyFolder@1x.png in Resources */,
				19199487179943788EDB58C8 /* GMEmptyFolder@2x.png in Resources */,
				89B5BC314293482683654C3A /* GMSelected.png in Resources */,
				C960739ABC304C65B236F203 /* GMSelected@2x.png in Resources */,
				3D974C874ABE42AEB7FB4F09 /* GMVideoIcon.png in Resources */,
				8E4FE7037A304DF28F97944A /* GMVideoIcon@2x.png in Resources */,
				08BC58E78C2443B09A86DAAC /* ca.lproj in Resources */,
				C2423518B5D647B1A5D254FB /* de.lproj in Resources */,
				AC14B17570714574B7BABF58 /* en.lproj in Resources */,
				0D72492BFB754A6982BB1F41 /* es.lproj in Resources */,
				04A04A1CDF674474847A501C /* fr.lproj in Resources */,
				FAE6A0B7288A464294DF9847 /* it.lproj in Resources */,
				FF95C16103344E20A70E3567 /* pt.lproj in Resources */,
				093D3534CEB84FB2ADF5099F /* pl.lproj in Resources */,
				97F98E0B90024DEABCDD4427 /* zh-Hans.lproj in Resources */,
			);
			runOnlyForDeploymentPostprocessing = 0;
		};
/* End PBXResourcesBuildPhase section */

/* Begin PBXShellScriptBuildPhase section */
		304B58A110DAC018002A0835 /* Copy www directory */ = {
			isa = PBXShellScriptBuildPhase;
			buildActionMask = 2147483647;
			files = (
			);
			inputPaths = (
			);
			name = "Copy www directory";
			outputPaths = (
			);
			runOnlyForDeploymentPostprocessing = 0;
			shellPath = /bin/sh;
			shellScript = "NODEJS_PATH=/usr/local/bin; NVM_NODE_PATH=~/.nvm/versions/node/`nvm version 2>/dev/null`/bin; N_NODE_PATH=`find /usr/local/n/versions/node/* -maxdepth 0 -type d 2>/dev/null | tail -1`/bin; XCODE_NODE_PATH=`xcode-select --print-path`/usr/share/xcs/Node/bin; PATH=$NODEJS_PATH:$NVM_NODE_PATH:$N_NODE_PATH:$XCODE_NODE_PATH:$PATH && node cordova/lib/copy-www-build-step.js";
			showEnvVarsInLog = 0;
		};
/* End PBXShellScriptBuildPhase section */

/* Begin PBXSourcesBuildPhase section */
		1D60588E0D05DD3D006BFB54 /* Sources */ = {
			isa = PBXSourcesBuildPhase;
			buildActionMask = 2147483647;
			files = (
				1D60589B0D05DD56006BFB54 /* main.m in Sources */,
				1D3623260D0F684500981E51 /* AppDelegate.m in Sources */,
				302D95F114D2391D003F00A1 /* MainViewController.m in Sources */,
				16B82855E86B46849C26E9B1 /* PhotoViewer.m in Sources */,
				F6F519E9363B4190A2405E04 /* UIImage+CropScaleOrientation.m in Sources */,
				D6F9D825752741F4A8055544 /* CDVCamera.m in Sources */,
				C21621EE8AE841DE91EAA373 /* CDVJpegHeaderWriter.m in Sources */,
				859BE08A67D04DC3B5C74BF1 /* CDVDevice.m in Sources */,
				AD641E151AE14F6790750F95 /* CDVFile.m in Sources */,
				99F7224DEFC5425BAEF36FDE /* CDVLocalFilesystem.m in Sources */,
				3DB507101E644590BB81997B /* CDVAssetLibraryFilesystem.m in Sources */,
				DB45B87DE85A4DC8989A557E /* CDVFileTransfer.m in Sources */,
				23E53FAB05DF4F24834C7C2F /* CDVIonicKeyboard.m in Sources */,
				8196C2AD38CE4BFFAA5B98FD /* CDVWKWebViewEngine.m in Sources */,
				865C89582C3140E1984073EC /* CDVWKWebViewUIDelegate.m in Sources */,
				4F8319E2D2C4459FA0857010 /* CDVWKProcessPoolFactory.m in Sources */,
				2A8E2ECF373C4128BCDBD4C9 /* GCDWebServer.m in Sources */,
				3A317AAD072C4385A904A8B3 /* GCDWebServerConnection.m in Sources */,
				DA94823FB874415CBDED1FE3 /* GCDWebServerFunctions.m in Sources */,
				78A112C715584E49AF8F2589 /* GCDWebServerRequest.m in Sources */,
				7F22775526784CAFB7CF8718 /* GCDWebServerResponse.m in Sources */,
				729CCC264453482A83E516B2 /* GCDWebServerDataRequest.m in Sources */,
				0C316266D6144EC795671AE9 /* GCDWebServerFileRequest.m in Sources */,
				73C6BB2BC30140998E0736D9 /* GCDWebServerMultiPartFormRequest.m in Sources */,
				14A2E1A388DF4B2DBC278D33 /* GCDWebServerURLEncodedFormRequest.m in Sources */,
				812A333056424A27AEB247DE /* GCDWebServerDataResponse.m in Sources */,
				134477FF44514DC4B7D0917A /* GCDWebServerErrorResponse.m in Sources */,
				457B14766AE04908AB16FB8A /* GCDWebServerFileResponse.m in Sources */,
				24204A7EBF6642F3823F6F53 /* GCDWebServerStreamedResponse.m in Sources */,
				10BFECEDF9064E1BB8ADA13B /* CDVSplashScreen.m in Sources */,
				B6E48B9F85B54EBF8449B78A /* CDVViewController+SplashScreen.m in Sources */,
				1B2378526C8042DCBC2A369E /* CDVStatusBar.m in Sources */,
				AB4E6AD23718417CA8889824 /* SOSPicker.m in Sources */,
				303C874C5D8A43FD9573C279 /* UIImage+fixOrientation.m in Sources */,
				D5A492C8AC7F4667B42F57FD /* GMAlbumsViewCell.m in Sources */,
				C1730772355241AF83D7A3C1 /* GMAlbumsViewController.m in Sources */,
				8B25F0467F8B4BAB948D30D4 /* GMFetchItem.m in Sources */,
				8FA264A0B42B4639A9255EAC /* GMGridViewCell.m in Sources */,
				25968F39CAB74B36B6B6966F /* GMGridViewController.m in Sources */,
				D0F580FFF40542A28D1A94D4 /* GMImagePickerController.m in Sources */,
				B6600381CA844B50B4BA496B /* PSYBlockTimer.m in Sources */,
				8E82904026604929B75648A4 /* GMPHAsset.m in Sources */,
			);
			runOnlyForDeploymentPostprocessing = 0;
		};
/* End PBXSourcesBuildPhase section */

/* Begin PBXTargetDependency section */
		301BF551109A68C00062928A /* PBXTargetDependency */ = {
			isa = PBXTargetDependency;
			name = CordovaLib;
			targetProxy = 301BF550109A68C00062928A /* PBXContainerItemProxy */;
		};
/* End PBXTargetDependency section */

/* Begin XCBuildConfiguration section */
		1D6058940D05DD3E006BFB54 /* Debug */ = {
			isa = XCBuildConfiguration;
			baseConfigurationReference = 3047A50F1AB8059700498E2A /* build-debug.xcconfig */;
			buildSettings = {
				ALWAYS_SEARCH_USER_PATHS = NO;
				ASSETCATALOG_COMPILER_APPICON_NAME = AppIcon;
				ASSETCATALOG_COMPILER_LAUNCHIMAGE_NAME = LaunchImage;
				CLANG_ENABLE_MODULES = YES;
				CLANG_ENABLE_OBJC_ARC = YES;
				COPY_PHASE_STRIP = NO;
				GCC_DYNAMIC_NO_PIC = NO;
				GCC_OPTIMIZATION_LEVEL = 0;
				GCC_PRECOMPILE_PREFIX_HEADER = YES;
				GCC_PREFIX_HEADER = "NetworGallery/NetworGallery-Prefix.pch";
				GCC_THUMB_SUPPORT = NO;
				GCC_VERSION = "";
				INFOPLIST_FILE = "NetworGallery/NetworGallery-Info.plist";
				IPHONEOS_DEPLOYMENT_TARGET = 9.0;
				LD_RUNPATH_SEARCH_PATHS = "@executable_path/Frameworks";
				TARGETED_DEVICE_FAMILY = "1,2";
				PRODUCT_NAME = "NetworGallery";
			};
			name = Debug;
		};
		1D6058950D05DD3E006BFB54 /* Release */ = {
			isa = XCBuildConfiguration;
			baseConfigurationReference = 3047A5101AB8059700498E2A /* build-release.xcconfig */;
			buildSettings = {
				ALWAYS_SEARCH_USER_PATHS = NO;
				ASSETCATALOG_COMPILER_APPICON_NAME = AppIcon;
				ASSETCATALOG_COMPILER_LAUNCHIMAGE_NAME = LaunchImage;
				CLANG_ENABLE_MODULES = YES;
				CLANG_ENABLE_OBJC_ARC = YES;
				COPY_PHASE_STRIP = YES;
				GCC_PRECOMPILE_PREFIX_HEADER = YES;
				GCC_PREFIX_HEADER = "NetworGallery/NetworGallery-Prefix.pch";
				GCC_THUMB_SUPPORT = NO;
				GCC_VERSION = "";
				INFOPLIST_FILE = "NetworGallery/NetworGallery-Info.plist";
				IPHONEOS_DEPLOYMENT_TARGET = 9.0;
				LD_RUNPATH_SEARCH_PATHS = "@executable_path/Frameworks";
				TARGETED_DEVICE_FAMILY = "1,2";
				PRODUCT_NAME = "NetworGallery";
			};
			name = Release;
		};
		C01FCF4F08A954540054247B /* Debug */ = {
			isa = XCBuildConfiguration;
			baseConfigurationReference = 3047A5111AB8059700498E2A /* build.xcconfig */;
			buildSettings = {
				CLANG_ENABLE_MODULES = YES;
				CLANG_ENABLE_OBJC_ARC = YES;
				CLANG_WARN_BOOL_CONVERSION = YES;
				CLANG_WARN_CONSTANT_CONVERSION = YES;
				CLANG_WARN_EMPTY_BODY = YES;
				CLANG_WARN_ENUM_CONVERSION = YES;
				CLANG_WARN_INT_CONVERSION = YES;
				CLANG_WARN__DUPLICATE_METHOD_MATCH = YES;
				GCC_C_LANGUAGE_STANDARD = c99;
				GCC_THUMB_SUPPORT = NO;
				GCC_VERSION = "";
				GCC_WARN_ABOUT_RETURN_TYPE = YES;
				GCC_WARN_UNDECLARED_SELECTOR = YES;
				GCC_WARN_UNINITIALIZED_AUTOS = YES;
				GCC_WARN_UNUSED_FUNCTION = YES;
				GCC_WARN_UNUSED_VARIABLE = YES;
				ONLY_ACTIVE_ARCH = YES;
				SDKROOT = iphoneos;
				SKIP_INSTALL = NO;
			};
			name = Debug;
		};
		C01FCF5008A954540054247B /* Release */ = {
			isa = XCBuildConfiguration;
			baseConfigurationReference = 3047A5111AB8059700498E2A /* build.xcconfig */;
			buildSettings = {
				CLANG_ENABLE_MODULES = YES;
				CLANG_ENABLE_OBJC_ARC = YES;
				CLANG_WARN_BOOL_CONVERSION = YES;
				CLANG_WARN_CONSTANT_CONVERSION = YES;
				CLANG_WARN_EMPTY_BODY = YES;
				CLANG_WARN_ENUM_CONVERSION = YES;
				CLANG_WARN_INT_CONVERSION = YES;
				CLANG_WARN__DUPLICATE_METHOD_MATCH = YES;
				GCC_C_LANGUAGE_STANDARD = c99;
				GCC_THUMB_SUPPORT = NO;
				GCC_VERSION = "";
				GCC_WARN_ABOUT_RETURN_TYPE = YES;
				GCC_WARN_UNDECLARED_SELECTOR = YES;
				GCC_WARN_UNINITIALIZED_AUTOS = YES;
				GCC_WARN_UNUSED_FUNCTION = YES;
				GCC_WARN_UNUSED_VARIABLE = YES;
				SDKROOT = iphoneos;
				SKIP_INSTALL = NO;
			};
			name = Release;
		};
/* End XCBuildConfiguration section */

/* Begin XCConfigurationList section */
		1D6058960D05DD3E006BFB54 /* Build configuration list for PBXNativeTarget "NetworGallery" */ = {
			isa = XCConfigurationList;
			buildConfigurations = (
				1D6058940D05DD3E006BFB54 /* Debug */,
				1D6058950D05DD3E006BFB54 /* Release */,
			);
			defaultConfigurationIsVisible = 0;
			defaultConfigurationName = Release;
		};
		C01FCF4E08A954540054247B /* Build configuration list for PBXProject "__NON-CLI__" */ = {
			isa = XCConfigurationList;
			buildConfigurations = (
				C01FCF4F08A954540054247B /* Debug */,
				C01FCF5008A954540054247B /* Release */,
			);
			defaultConfigurationIsVisible = 0;
			defaultConfigurationName = Release;
		};
/* End XCConfigurationList section */
	};
	rootObject = 29B97313FDCFA39411CA2CEA /* Project object */;
}
